
Microsoft Visual Studio Solution File, Format Version 12.00
# Visual Studio 15
VisualStudioVersion = 15.0.27130.2010
MinimumVisualStudioVersion = 10.0.40219.1
Project("{FAE04EC0-301F-11D3-BF4B-00C04F79EFBC}") = "Models", "Model\Models.csproj", "{3A969D9A-B167-40A8-9C57-8945B05DABE9}"
EndProject
Project("{FAE04EC0-301F-11D3-BF4B-00C04F79EFBC}") = "Library", "Library\Library.csproj", "{9B253FC5-1A0F-4298-936A-7E55C04935AA}"
EndProject
Project("{FAE04EC0-301F-11D3-BF4B-00C04F79EFBC}") = "LibraryTests", "LibraryTests\LibraryTests.csproj", "{B87EEA23-1D99-4287-808A-4E32AD9A4524}"
EndProject
Project("{FAE04EC0-301F-11D3-BF4B-00C04F79EFBC}") = "Config", "Config\Config.csproj", "{A2F5C3D7-58AD-4484-8372-2653F6630333}"
EndProject
Global
	GlobalSection(SolutionConfigurationPlatforms) = preSolution
		Debug|Any CPU = Debug|Any CPU
		Release|Any CPU = Release|Any CPU
	EndGlobalSection
	GlobalSection(ProjectConfigurationPlatforms) = postSolution
		{3A969D9A-B167-40A8-9C57-8945B05DABE9}.Debug|Any CPU.ActiveCfg = Debug|Any CPU
		{3A969D9A-B167-40A8-9C57-8945B05DABE9}.Debug|Any CPU.Build.0 = Debug|Any CPU
		{3A969D9A-B167-40A8-9C57-8945B05DABE9}.Release|Any CPU.ActiveCfg = Release|Any CPU
		{3A969D9A-B167-40A8-9C57-8945B05DABE9}.Release|Any CPU.Build.0 = Release|Any CPU
		{9B253FC5-1A0F-4298-936A-7E55C04935AA}.Debug|Any CPU.ActiveCfg = Debug|Any CPU
		{9B253FC5-1A0F-4298-936A-7E55C04935AA}.Debug|Any CPU.Build.0 = Debug|Any CPU
		{9B253FC5-1A0F-4298-936A-7E55C04935AA}.Release|Any CPU.ActiveCfg = Release|Any CPU
		{9B253FC5-1A0F-4298-936A-7E55C04935AA}.Release|Any CPU.Build.0 = Release|Any CPU
		{B87EEA23-1D99-4287-808A-4E32AD9A4524}.Debug|Any CPU.ActiveCfg = Debug|Any CPU
		{B87EEA23-1D99-4287-808A-4E32AD9A4524}.Debug|Any CPU.Build.0 = Debug|Any CPU
		{B87EEA23-1D99-4287-808A-4E32AD9A4524}.Release|Any CPU.ActiveCfg = Release|Any CPU
		{B87EEA23-1D99-4287-808A-4E32AD9A4524}.Release|Any CPU.Build.0 = Release|Any CPU
		{A2F5C3D7-58AD-4484-8372-2653F6630333}.Debug|Any CPU.ActiveCfg = Debug|Any CPU
		{A2F5C3D7-58AD-4484-8372-2653F6630333}.Debug|Any CPU.Build.0 = Debug|Any CPU
		{A2F5C3D7-58AD-4484-8372-2653F6630333}.Release|Any CPU.ActiveCfg = Release|Any CPU
		{A2F5C3D7-58AD-4484-8372-2653F6630333}.Release|Any CPU.Build.0 = Release|Any CPU
	EndGlobalSection
	GlobalSection(SolutionProperties) = preSolution
		HideSolutionNode = FALSE
	EndGlobalSection
	GlobalSection(ExtensibilityGlobals) = postSolution
		SolutionGuid = {D76103D2-61B3-43D5-B9C1-6110D0A74ABB}
	EndGlobalSection
EndGlobal
